
Microsoft Visual Studio Solution File, Format Version 12.00
# Visual Studio 15
VisualStudioVersion = 15.0.28307.1433
MinimumVisualStudioVersion = 10.0.40219.1
Project("{FAE04EC0-301F-11D3-BF4B-00C04F79EFBC}") = "Capa Visual", "Capa Visual\Capa Visual.csproj", "{4DBE40A2-C1FA-48EA-9D9A-32CD647776A6}"
EndProject
Project("{FAE04EC0-301F-11D3-BF4B-00C04F79EFBC}") = "Capa Datos", "Capa Datos\Capa Datos.csproj", "{F487F11C-2CAC-4F12-931A-AC5268564889}"
EndProject
Project("{FAE04EC0-301F-11D3-BF4B-00C04F79EFBC}") = "Capa Logica", "Capa Logica\Capa Logica.csproj", "{79377399-94C1-4EE7-8014-92520D0A6284}"
EndProject
Global
	GlobalSection(SolutionConfigurationPlatforms) = preSolution
		Debug|Any CPU = Debug|Any CPU
		Release|Any CPU = Release|Any CPU
	EndGlobalSection
	GlobalSection(ProjectConfigurationPlatforms) = postSolution
		{4DBE40A2-C1FA-48EA-9D9A-32CD647776A6}.Debug|Any CPU.ActiveCfg = Debug|Any CPU
		{4DBE40A2-C1FA-48EA-9D9A-32CD647776A6}.Debug|Any CPU.Build.0 = Debug|Any CPU
		{4DBE40A2-C1FA-48EA-9D9A-32CD647776A6}.Release|Any CPU.ActiveCfg = Release|Any CPU
		{4DBE40A2-C1FA-48EA-9D9A-32CD647776A6}.Release|Any CPU.Build.0 = Release|Any CPU
		{F487F11C-2CAC-4F12-931A-AC5268564889}.Debug|Any CPU.ActiveCfg = Debug|Any CPU
		{F487F11C-2CAC-4F12-931A-AC5268564889}.Debug|Any CPU.Build.0 = Debug|Any CPU
		{F487F11C-2CAC-4F12-931A-AC5268564889}.Release|Any CPU.ActiveCfg = Release|Any CPU
		{F487F11C-2CAC-4F12-931A-AC5268564889}.Release|Any CPU.Build.0 = Release|Any CPU
		{79377399-94C1-4EE7-8014-92520D0A6284}.Debug|Any CPU.ActiveCfg = Debug|Any CPU
		{79377399-94C1-4EE7-8014-92520D0A6284}.Debug|Any CPU.Build.0 = Debug|Any CPU
		{79377399-94C1-4EE7-8014-92520D0A6284}.Release|Any CPU.ActiveCfg = Release|Any CPU
		{79377399-94C1-4EE7-8014-92520D0A6284}.Release|Any CPU.Build.0 = Release|Any CPU
	EndGlobalSection
	GlobalSection(SolutionProperties) = preSolution
		HideSolutionNode = FALSE
	EndGlobalSection
	GlobalSection(ExtensibilityGlobals) = postSolution
		SolutionGuid = {483E2414-94FD-474B-8B0D-F95580F0C949}
	EndGlobalSection
EndGlobal
